--only-binary :all:

PyYAML==6.0.3 \
    --hash=sha256:7f047e29dcae44602496db43be01ad42fc6f1cc0d8cd6c83d342306c32270196 \
    --hash=sha256:fc09d0aa354569bc501d4e787133afc08552722d3ab34836a80547331bb5d4a0 \
    --hash=sha256:9149cad251584d5fb4981be1ecde53a1ca46c891a79788c0df828d2f166bda28 \
    --hash=sha256:ba1cc08a7ccde2d2ec775841541641e4548226580ab850948cbfda66a1befcdc \
    --hash=sha256:8d1fab6bb153a416f9aeb4b8763bc0f22a5586065f86f7664fc23339fc1c1fac \
    --hash=sha256:34d5fcd24b8445fadc33f9cf348c1047101756fd760b4dacb5c3e99755703310 \
    --hash=sha256:501a031947e3a9025ed4405a168e6ef5ae3126c59f90ce0cd6f2bfc477be31b7 \
    --hash=sha256:c458b6d084f9b935061bc36216e8a69a7e293a2f1e68bf956dcd9e6cbcd143f5
fastjsonschema==2.21.2 \
    --hash=sha256:1c797122d0a86c5cace2e54bf4e819c36223b552017172f32c5c024a6b77e463
